
Microsoft Visual Studio Solution File, Format Version 12.00
# Visual Studio 2013
VisualStudioVersion = 12.0.40629.0
MinimumVisualStudioVersion = 10.0.40219.1
Project("{FAE04EC0-301F-11D3-BF4B-00C04F79EFBC}") = "Cloud Security Rubik's Cube", "Excel2DB\Cloud Security Rubik's Cube.csproj", "{D98F1142-077F-4171-A350-509C6958F013}"
	ProjectSection(ProjectDependencies) = postProject
		{927DEE25-BCE8-4118-9CEC-6FF8A38EFC16} = {927DEE25-BCE8-4118-9CEC-6FF8A38EFC16}
	EndProjectSection
EndProject
Project("{FAE04EC0-301F-11D3-BF4B-00C04F79EFBC}") = "ExcelReporting", "ExcelReporting\ExcelReporting.csproj", "{927DEE25-BCE8-4118-9CEC-6FF8A38EFC16}"
EndProject
Project("{FAE04EC0-301F-11D3-BF4B-00C04F79EFBC}") = "Entities4DB", "Entities4DB\Entities4DB.csproj", "{0BCBAD40-1B9C-4BFD-A9CB-6CCAB759E184}"
EndProject
Project("{54435603-DBB4-11D2-8724-00A0C9A8B90C}") = "CRSC Installer", "CRSC Installer\CRSC Installer.vdproj", "{F57E9EC8-5CE3-4CB3-B464-F3C588107CE8}"
EndProject
Global
	GlobalSection(SolutionConfigurationPlatforms) = preSolution
		Debug|Any CPU = Debug|Any CPU
		Release|Any CPU = Release|Any CPU
	EndGlobalSection
	GlobalSection(ProjectConfigurationPlatforms) = postSolution
		{D98F1142-077F-4171-A350-509C6958F013}.Debug|Any CPU.ActiveCfg = Debug|Any CPU
		{D98F1142-077F-4171-A350-509C6958F013}.Debug|Any CPU.Build.0 = Debug|Any CPU
		{D98F1142-077F-4171-A350-509C6958F013}.Release|Any CPU.ActiveCfg = Release|Any CPU
		{D98F1142-077F-4171-A350-509C6958F013}.Release|Any CPU.Build.0 = Release|Any CPU
		{927DEE25-BCE8-4118-9CEC-6FF8A38EFC16}.Debug|Any CPU.ActiveCfg = Debug|Any CPU
		{927DEE25-BCE8-4118-9CEC-6FF8A38EFC16}.Debug|Any CPU.Build.0 = Debug|Any CPU
		{927DEE25-BCE8-4118-9CEC-6FF8A38EFC16}.Release|Any CPU.ActiveCfg = Release|Any CPU
		{927DEE25-BCE8-4118-9CEC-6FF8A38EFC16}.Release|Any CPU.Build.0 = Release|Any CPU
		{0BCBAD40-1B9C-4BFD-A9CB-6CCAB759E184}.Debug|Any CPU.ActiveCfg = Debug|Any CPU
		{0BCBAD40-1B9C-4BFD-A9CB-6CCAB759E184}.Debug|Any CPU.Build.0 = Debug|Any CPU
		{0BCBAD40-1B9C-4BFD-A9CB-6CCAB759E184}.Release|Any CPU.ActiveCfg = Release|Any CPU
		{0BCBAD40-1B9C-4BFD-A9CB-6CCAB759E184}.Release|Any CPU.Build.0 = Release|Any CPU
		{F57E9EC8-5CE3-4CB3-B464-F3C588107CE8}.Debug|Any CPU.ActiveCfg = Debug
		{F57E9EC8-5CE3-4CB3-B464-F3C588107CE8}.Debug|Any CPU.Build.0 = Debug
		{F57E9EC8-5CE3-4CB3-B464-F3C588107CE8}.Release|Any CPU.ActiveCfg = Release
		{F57E9EC8-5CE3-4CB3-B464-F3C588107CE8}.Release|Any CPU.Build.0 = Release
	EndGlobalSection
	GlobalSection(SolutionProperties) = preSolution
		HideSolutionNode = FALSE
	EndGlobalSection
EndGlobal
